
Microsoft Visual Studio Solution File, Format Version 12.00
# Visual Studio 15
VisualStudioVersion = 15.0.27130.2027
MinimumVisualStudioVersion = 10.0.40219.1
Project("{FAE04EC0-301F-11D3-BF4B-00C04F79EFBC}") = "Lands.Android", "Lands\Lands.Android\Lands.Android.csproj", "{F61BDDFB-B43C-4B61-B8D9-C7CE18F50CC5}"
EndProject
Project("{FAE04EC0-301F-11D3-BF4B-00C04F79EFBC}") = "Lands.iOS", "Lands\Lands.iOS\Lands.iOS.csproj", "{A1B4F118-525B-43C0-A50C-D5D164AED578}"
EndProject
Project("{FAE04EC0-301F-11D3-BF4B-00C04F79EFBC}") = "Lands", "Lands\Lands\Lands.csproj", "{65599A64-A773-47C6-BABC-3D61EB419BF5}"
EndProject
Global
	GlobalSection(SolutionConfigurationPlatforms) = preSolution
		Ad-Hoc|Any CPU = Ad-Hoc|Any CPU
		Ad-Hoc|iPhone = Ad-Hoc|iPhone
		Ad-Hoc|iPhoneSimulator = Ad-Hoc|iPhoneSimulator
		AppStore|Any CPU = AppStore|Any CPU
		AppStore|iPhone = AppStore|iPhone
		AppStore|iPhoneSimulator = AppStore|iPhoneSimulator
		Debug|Any CPU = Debug|Any CPU
		Debug|iPhone = Debug|iPhone
		Debug|iPhoneSimulator = Debug|iPhoneSimulator
		Release|Any CPU = Release|Any CPU
		Release|iPhone = Release|iPhone
		Release|iPhoneSimulator = Release|iPhoneSimulator
	EndGlobalSection
	GlobalSection(ProjectConfigurationPlatforms) = postSolution
		{F61BDDFB-B43C-4B61-B8D9-C7CE18F50CC5}.Ad-Hoc|Any CPU.ActiveCfg = Release|Any CPU
		{F61BDDFB-B43C-4B61-B8D9-C7CE18F50CC5}.Ad-Hoc|Any CPU.Build.0 = Release|Any CPU
		{F61BDDFB-B43C-4B61-B8D9-C7CE18F50CC5}.Ad-Hoc|Any CPU.Deploy.0 = Release|Any CPU
		{F61BDDFB-B43C-4B61-B8D9-C7CE18F50CC5}.Ad-Hoc|iPhone.ActiveCfg = Release|Any CPU
		{F61BDDFB-B43C-4B61-B8D9-C7CE18F50CC5}.Ad-Hoc|iPhone.Build.0 = Release|Any CPU
		{F61BDDFB-B43C-4B61-B8D9-C7CE18F50CC5}.Ad-Hoc|iPhone.Deploy.0 = Release|Any CPU
		{F61BDDFB-B43C-4B61-B8D9-C7CE18F50CC5}.Ad-Hoc|iPhoneSimulator.ActiveCfg = Release|Any CPU
		{F61BDDFB-B43C-4B61-B8D9-C7CE18F50CC5}.Ad-Hoc|iPhoneSimulator.Build.0 = Release|Any CPU
		{F61BDDFB-B43C-4B61-B8D9-C7CE18F50CC5}.Ad-Hoc|iPhoneSimulator.Deploy.0 = Release|Any CPU
		{F61BDDFB-B43C-4B61-B8D9-C7CE18F50CC5}.AppStore|Any CPU.ActiveCfg = Release|Any CPU
		{F61BDDFB-B43C-4B61-B8D9-C7CE18F50CC5}.AppStore|Any CPU.Build.0 = Release|Any CPU
		{F61BDDFB-B43C-4B61-B8D9-C7CE18F50CC5}.AppStore|Any CPU.Deploy.0 = Release|Any CPU
		{F61BDDFB-B43C-4B61-B8D9-C7CE18F50CC5}.AppStore|iPhone.ActiveCfg = Release|Any CPU
		{F61BDDFB-B43C-4B61-B8D9-C7CE18F50CC5}.AppStore|iPhone.Build.0 = Release|Any CPU
		{F61BDDFB-B43C-4B61-B8D9-C7CE18F50CC5}.AppStore|iPhone.Deploy.0 = Release|Any CPU
		{F61BDDFB-B43C-4B61-B8D9-C7CE18F50CC5}.AppStore|iPhoneSimulator.ActiveCfg = Release|Any CPU
		{F61BDDFB-B43C-4B61-B8D9-C7CE18F50CC5}.AppStore|iPhoneSimulator.Build.0 = Release|Any CPU
		{F61BDDFB-B43C-4B61-B8D9-C7CE18F50CC5}.AppStore|iPhoneSimulator.Deploy.0 = Release|Any CPU
		{F61BDDFB-B43C-4B61-B8D9-C7CE18F50CC5}.Debug|Any CPU.ActiveCfg = Debug|Any CPU
		{F61BDDFB-B43C-4B61-B8D9-C7CE18F50CC5}.Debug|Any CPU.Build.0 = Debug|Any CPU
		{F61BDDFB-B43C-4B61-B8D9-C7CE18F50CC5}.Debug|Any CPU.Deploy.0 = Debug|Any CPU
		{F61BDDFB-B43C-4B61-B8D9-C7CE18F50CC5}.Debug|iPhone.ActiveCfg = Debug|Any CPU
		{F61BDDFB-B43C-4B61-B8D9-C7CE18F50CC5}.Debug|iPhone.Build.0 = Debug|Any CPU
		{F61BDDFB-B43C-4B61-B8D9-C7CE18F50CC5}.Debug|iPhone.Deploy.0 = Debug|Any CPU
		{F61BDDFB-B43C-4B61-B8D9-C7CE18F50CC5}.Debug|iPhoneSimulator.ActiveCfg = Debug|Any CPU
		{F61BDDFB-B43C-4B61-B8D9-C7CE18F50CC5}.Debug|iPhoneSimulator.Build.0 = Debug|Any CPU
		{F61BDDFB-B43C-4B61-B8D9-C7CE18F50CC5}.Debug|iPhoneSimulator.Deploy.0 = Debug|Any CPU
		{F61BDDFB-B43C-4B61-B8D9-C7CE18F50CC5}.Release|Any CPU.ActiveCfg = Release|Any CPU
		{F61BDDFB-B43C-4B61-B8D9-C7CE18F50CC5}.Release|Any CPU.Build.0 = Release|Any CPU
		{F61BDDFB-B43C-4B61-B8D9-C7CE18F50CC5}.Release|Any CPU.Deploy.0 = Release|Any CPU
		{F61BDDFB-B43C-4B61-B8D9-C7CE18F50CC5}.Release|iPhone.ActiveCfg = Release|Any CPU
		{F61BDDFB-B43C-4B61-B8D9-C7CE18F50CC5}.Release|iPhone.Build.0 = Release|Any CPU
		{F61BDDFB-B43C-4B61-B8D9-C7CE18F50CC5}.Release|iPhone.Deploy.0 = Release|Any CPU
		{F61BDDFB-B43C-4B61-B8D9-C7CE18F50CC5}.Release|iPhoneSimulator.ActiveCfg = Release|Any CPU
		{F61BDDFB-B43C-4B61-B8D9-C7CE18F50CC5}.Release|iPhoneSimulator.Build.0 = Release|Any CPU
		{F61BDDFB-B43C-4B61-B8D9-C7CE18F50CC5}.Release|iPhoneSimulator.Deploy.0 = Release|Any CPU
		{A1B4F118-525B-43C0-A50C-D5D164AED578}.Ad-Hoc|Any CPU.ActiveCfg = Ad-Hoc|iPhone
		{A1B4F118-525B-43C0-A50C-D5D164AED578}.Ad-Hoc|iPhone.ActiveCfg = Ad-Hoc|iPhone
		{A1B4F118-525B-43C0-A50C-D5D164AED578}.Ad-Hoc|iPhone.Build.0 = Ad-Hoc|iPhone
		{A1B4F118-525B-43C0-A50C-D5D164AED578}.Ad-Hoc|iPhoneSimulator.ActiveCfg = Ad-Hoc|iPhoneSimulator
		{A1B4F118-525B-43C0-A50C-D5D164AED578}.Ad-Hoc|iPhoneSimulator.Build.0 = Ad-Hoc|iPhoneSimulator
		{A1B4F118-525B-43C0-A50C-D5D164AED578}.AppStore|Any CPU.ActiveCfg = AppStore|iPhone
		{A1B4F118-525B-43C0-A50C-D5D164AED578}.AppStore|iPhone.ActiveCfg = AppStore|iPhone
		{A1B4F118-525B-43C0-A50C-D5D164AED578}.AppStore|iPhone.Build.0 = AppStore|iPhone
		{A1B4F118-525B-43C0-A50C-D5D164AED578}.AppStore|iPhoneSimulator.ActiveCfg = AppStore|iPhoneSimulator
		{A1B4F118-525B-43C0-A50C-D5D164AED578}.AppStore|iPhoneSimulator.Build.0 = AppStore|iPhoneSimulator
		{A1B4F118-525B-43C0-A50C-D5D164AED578}.Debug|Any CPU.ActiveCfg = Debug|iPhone
		{A1B4F118-525B-43C0-A50C-D5D164AED578}.Debug|iPhone.ActiveCfg = Debug|iPhone
		{A1B4F118-525B-43C0-A50C-D5D164AED578}.Debug|iPhone.Build.0 = Debug|iPhone
		{A1B4F118-525B-43C0-A50C-D5D164AED578}.Debug|iPhoneSimulator.ActiveCfg = Debug|iPhoneSimulator
		{A1B4F118-525B-43C0-A50C-D5D164AED578}.Debug|iPhoneSimulator.Build.0 = Debug|iPhoneSimulator
		{A1B4F118-525B-43C0-A50C-D5D164AED578}.Release|Any CPU.ActiveCfg = Release|iPhone
		{A1B4F118-525B-43C0-A50C-D5D164AED578}.Release|iPhone.ActiveCfg = Release|iPhone
		{A1B4F118-525B-43C0-A50C-D5D164AED578}.Release|iPhone.Build.0 = Release|iPhone
		{A1B4F118-525B-43C0-A50C-D5D164AED578}.Release|iPhoneSimulator.ActiveCfg = Release|iPhoneSimulator
		{A1B4F118-525B-43C0-A50C-D5D164AED578}.Release|iPhoneSimulator.Build.0 = Release|iPhoneSimulator
		{65599A64-A773-47C6-BABC-3D61EB419BF5}.Ad-Hoc|Any CPU.ActiveCfg = Debug|Any CPU
		{65599A64-A773-47C6-BABC-3D61EB419BF5}.Ad-Hoc|Any CPU.Build.0 = Debug|Any CPU
		{65599A64-A773-47C6-BABC-3D61EB419BF5}.Ad-Hoc|iPhone.ActiveCfg = Debug|Any CPU
		{65599A64-A773-47C6-BABC-3D61EB419BF5}.Ad-Hoc|iPhone.Build.0 = Debug|Any CPU
		{65599A64-A773-47C6-BABC-3D61EB419BF5}.Ad-Hoc|iPhoneSimulator.ActiveCfg = Debug|Any CPU
		{65599A64-A773-47C6-BABC-3D61EB419BF5}.Ad-Hoc|iPhoneSimulator.Build.0 = Debug|Any CPU
		{65599A64-A773-47C6-BABC-3D61EB419BF5}.AppStore|Any CPU.ActiveCfg = Debug|Any CPU
		{65599A64-A773-47C6-BABC-3D61EB419BF5}.AppStore|Any CPU.Build.0 = Debug|Any CPU
		{65599A64-A773-47C6-BABC-3D61EB419BF5}.AppStore|iPhone.ActiveCfg = Debug|Any CPU
		{65599A64-A773-47C6-BABC-3D61EB419BF5}.AppStore|iPhone.Build.0 = Debug|Any CPU
		{65599A64-A773-47C6-BABC-3D61EB419BF5}.AppStore|iPhoneSimulator.ActiveCfg = Debug|Any CPU
		{65599A64-A773-47C6-BABC-3D61EB419BF5}.AppStore|iPhoneSimulator.Build.0 = Debug|Any CPU
		{65599A64-A773-47C6-BABC-3D61EB419BF5}.Debug|Any CPU.ActiveCfg = Debug|Any CPU
		{65599A64-A773-47C6-BABC-3D61EB419BF5}.Debug|Any CPU.Build.0 = Debug|Any CPU
		{65599A64-A773-47C6-BABC-3D61EB419BF5}.Debug|iPhone.ActiveCfg = Debug|Any CPU
		{65599A64-A773-47C6-BABC-3D61EB419BF5}.Debug|iPhone.Build.0 = Debug|Any CPU
		{65599A64-A773-47C6-BABC-3D61EB419BF5}.Debug|iPhoneSimulator.ActiveCfg = Debug|Any CPU
		{65599A64-A773-47C6-BABC-3D61EB419BF5}.Debug|iPhoneSimulator.Build.0 = Debug|Any CPU
		{65599A64-A773-47C6-BABC-3D61EB419BF5}.Release|Any CPU.ActiveCfg = Release|Any CPU
		{65599A64-A773-47C6-BABC-3D61EB419BF5}.Release|Any CPU.Build.0 = Release|Any CPU
		{65599A64-A773-47C6-BABC-3D61EB419BF5}.Release|iPhone.ActiveCfg = Release|Any CPU
		{65599A64-A773-47C6-BABC-3D61EB419BF5}.Release|iPhone.Build.0 = Release|Any CPU
		{65599A64-A773-47C6-BABC-3D61EB419BF5}.Release|iPhoneSimulator.ActiveCfg = Release|Any CPU
		{65599A64-A773-47C6-BABC-3D61EB419BF5}.Release|iPhoneSimulator.Build.0 = Release|Any CPU
	EndGlobalSection
	GlobalSection(SolutionProperties) = preSolution
		HideSolutionNode = FALSE
	EndGlobalSection
	GlobalSection(ExtensibilityGlobals) = postSolution
		SolutionGuid = {E5E05C59-43E7-4111-9A63-CD216D3D27A7}
	EndGlobalSection
EndGlobal
